
Microsoft Visual Studio Solution File, Format Version 12.00
# Visual Studio Version 16
VisualStudioVersion = 16.0.29209.62
MinimumVisualStudioVersion = 10.0.40219.1
Project("{FAE04EC0-301F-11D3-BF4B-00C04F79EFBC}") = "GoogleIndexingAPI", "GoogleIndexingAPI.csproj", "{5FF6C1A0-4AFB-45CD-AE69-68261F8F22D1}"
EndProject
Global
	GlobalSection(SolutionConfigurationPlatforms) = preSolution
		Debug|Any CPU = Debug|Any CPU
		Release|Any CPU = Release|Any CPU
	EndGlobalSection
	GlobalSection(ProjectConfigurationPlatforms) = postSolution
		{5FF6C1A0-4AFB-45CD-AE69-68261F8F22D1}.Debug|Any CPU.ActiveCfg = Debug|Any CPU
		{5FF6C1A0-4AFB-45CD-AE69-68261F8F22D1}.Debug|Any CPU.Build.0 = Debug|Any CPU
		{5FF6C1A0-4AFB-45CD-AE69-68261F8F22D1}.Release|Any CPU.ActiveCfg = Release|Any CPU
		{5FF6C1A0-4AFB-45CD-AE69-68261F8F22D1}.Release|Any CPU.Build.0 = Release|Any CPU
	EndGlobalSection
	GlobalSection(SolutionProperties) = preSolution
		HideSolutionNode = FALSE
	EndGlobalSection
	GlobalSection(ExtensibilityGlobals) = postSolution
		SolutionGuid = {5EB78409-6B55-4C6B-80F3-466C5EAEE534}
	EndGlobalSection
EndGlobal
