
Microsoft Visual Studio Solution File, Format Version 12.00
# Visual Studio Version 16
VisualStudioVersion = 16.0.29519.87
MinimumVisualStudioVersion = 10.0.40219.1
Project("{FAE04EC0-301F-11D3-BF4B-00C04F79EFBC}") = "GoogleIndexingAPIMVC", "GoogleIndexingAPIMVC.csproj", "{000B5814-99A9-42DE-B683-86969ED7465E}"
EndProject
Global
	GlobalSection(SolutionConfigurationPlatforms) = preSolution
		Debug|Any CPU = Debug|Any CPU
		Release|Any CPU = Release|Any CPU
	EndGlobalSection
	GlobalSection(ProjectConfigurationPlatforms) = postSolution
		{000B5814-99A9-42DE-B683-86969ED7465E}.Debug|Any CPU.ActiveCfg = Debug|Any CPU
		{000B5814-99A9-42DE-B683-86969ED7465E}.Debug|Any CPU.Build.0 = Debug|Any CPU
		{000B5814-99A9-42DE-B683-86969ED7465E}.Release|Any CPU.ActiveCfg = Release|Any CPU
		{000B5814-99A9-42DE-B683-86969ED7465E}.Release|Any CPU.Build.0 = Release|Any CPU
	EndGlobalSection
	GlobalSection(SolutionProperties) = preSolution
		HideSolutionNode = FALSE
	EndGlobalSection
	GlobalSection(ExtensibilityGlobals) = postSolution
		SolutionGuid = {B6291A01-49C5-408A-B462-72D5C40F438A}
	EndGlobalSection
EndGlobal
